
Microsoft Visual Studio Solution File, Format Version 12.00
# Visual Studio Version 17
VisualStudioVersion = 17.5.002.0
MinimumVisualStudioVersion = 10.0.40219.1
Project("{9A19103F-16F7-4668-BE54-9A1E7A4F7556}") = "FRC-App", "FRC-App.csproj", "{D23F04C5-4C81-4F71-A8F4-AD634261F81E}"
EndProject
Project("{FAE04EC0-301F-11D3-BF4B-00C04F79EFBC}") = "FRC_App.Tests", "..\FRC_App.Tests\FRC_App.Tests.csproj", "{BCE52530-C568-46EC-9FD3-91779671F3CE}"
EndProject
Global
	GlobalSection(SolutionConfigurationPlatforms) = preSolution
		Debug|Any CPU = Debug|Any CPU
		Release|Any CPU = Release|Any CPU
	EndGlobalSection
	GlobalSection(ProjectConfigurationPlatforms) = postSolution
		{D23F04C5-4C81-4F71-A8F4-AD634261F81E}.Debug|Any CPU.ActiveCfg = Debug|Any CPU
		{D23F04C5-4C81-4F71-A8F4-AD634261F81E}.Debug|Any CPU.Build.0 = Debug|Any CPU
		{D23F04C5-4C81-4F71-A8F4-AD634261F81E}.Release|Any CPU.ActiveCfg = Release|Any CPU
		{D23F04C5-4C81-4F71-A8F4-AD634261F81E}.Release|Any CPU.Build.0 = Release|Any CPU
		{6C567023-FBD1-4BDD-92B5-DED1EA506EEE}.Debug|Any CPU.ActiveCfg = Debug|Any CPU
		{6C567023-FBD1-4BDD-92B5-DED1EA506EEE}.Debug|Any CPU.Build.0 = Debug|Any CPU
		{6C567023-FBD1-4BDD-92B5-DED1EA506EEE}.Release|Any CPU.ActiveCfg = Release|Any CPU
		{6C567023-FBD1-4BDD-92B5-DED1EA506EEE}.Release|Any CPU.Build.0 = Release|Any CPU
		{BCE52530-C568-46EC-9FD3-91779671F3CE}.Debug|Any CPU.ActiveCfg = Debug|Any CPU
		{BCE52530-C568-46EC-9FD3-91779671F3CE}.Debug|Any CPU.Build.0 = Debug|Any CPU
		{BCE52530-C568-46EC-9FD3-91779671F3CE}.Release|Any CPU.ActiveCfg = Release|Any CPU
		{BCE52530-C568-46EC-9FD3-91779671F3CE}.Release|Any CPU.Build.0 = Release|Any CPU
	EndGlobalSection
	GlobalSection(SolutionProperties) = preSolution
		HideSolutionNode = FALSE
	EndGlobalSection
	GlobalSection(ExtensibilityGlobals) = postSolution
		SolutionGuid = {A07C87F1-5B49-4CE2-9206-7FB65598B324}
	EndGlobalSection
EndGlobal
