
Microsoft Visual Studio Solution File, Format Version 12.00
# Visual Studio Version 17
VisualStudioVersion = 17.5.002.0
MinimumVisualStudioVersion = 10.0.40219.1
Project("{9A19103F-16F7-4668-BE54-9A1E7A4F7556}") = "FRC-App", "FRC-App\FRC-App.csproj", "{D72379D9-A9EC-4700-8AEF-F2259355729B}"
EndProject
Global
	GlobalSection(SolutionConfigurationPlatforms) = preSolution
		Debug|Any CPU = Debug|Any CPU
		Release|Any CPU = Release|Any CPU
	EndGlobalSection
	GlobalSection(ProjectConfigurationPlatforms) = postSolution
		{D72379D9-A9EC-4700-8AEF-F2259355729B}.Debug|Any CPU.ActiveCfg = Debug|Any CPU
		{D72379D9-A9EC-4700-8AEF-F2259355729B}.Debug|Any CPU.Build.0 = Debug|Any CPU
		{D72379D9-A9EC-4700-8AEF-F2259355729B}.Release|Any CPU.ActiveCfg = Release|Any CPU
		{D72379D9-A9EC-4700-8AEF-F2259355729B}.Release|Any CPU.Build.0 = Release|Any CPU
	EndGlobalSection
	GlobalSection(SolutionProperties) = preSolution
		HideSolutionNode = FALSE
	EndGlobalSection
	GlobalSection(ExtensibilityGlobals) = postSolution
		SolutionGuid = {C43CC043-EDDF-41BB-8D0C-5B543BF3C458}
	EndGlobalSection
EndGlobal
